
Microsoft Visual Studio Solution File, Format Version 12.00
# Visual Studio Version 16
VisualStudioVersion = 16.0.29306.81
MinimumVisualStudioVersion = 10.0.40219.1
Project("{FAE04EC0-301F-11D3-BF4B-00C04F79EFBC}") = "ServerApp", "ServerApp\ServerApp.csproj", "{C513CB86-EAAE-4BA8-AE75-9E8E5CBEC34F}"
EndProject
Project("{FAE04EC0-301F-11D3-BF4B-00C04F79EFBC}") = "ClientApp", "ClientApp\ClientApp.csproj", "{EC53F0FA-456B-4F84-9BB6-A04B15F22A8B}"
EndProject
Project("{FAE04EC0-301F-11D3-BF4B-00C04F79EFBC}") = "MessageLib", "MessageLib\MessageLib.csproj", "{F8D8B9B2-2CD7-40C1-B73A-0FD089160CA1}"
EndProject
Global
	GlobalSection(SolutionConfigurationPlatforms) = preSolution
		Debug|Any CPU = Debug|Any CPU
		Release|Any CPU = Release|Any CPU
	EndGlobalSection
	GlobalSection(ProjectConfigurationPlatforms) = postSolution
		{C513CB86-EAAE-4BA8-AE75-9E8E5CBEC34F}.Debug|Any CPU.ActiveCfg = Debug|Any CPU
		{C513CB86-EAAE-4BA8-AE75-9E8E5CBEC34F}.Debug|Any CPU.Build.0 = Debug|Any CPU
		{C513CB86-EAAE-4BA8-AE75-9E8E5CBEC34F}.Release|Any CPU.ActiveCfg = Release|Any CPU
		{C513CB86-EAAE-4BA8-AE75-9E8E5CBEC34F}.Release|Any CPU.Build.0 = Release|Any CPU
		{EC53F0FA-456B-4F84-9BB6-A04B15F22A8B}.Debug|Any CPU.ActiveCfg = Debug|Any CPU
		{EC53F0FA-456B-4F84-9BB6-A04B15F22A8B}.Debug|Any CPU.Build.0 = Debug|Any CPU
		{EC53F0FA-456B-4F84-9BB6-A04B15F22A8B}.Release|Any CPU.ActiveCfg = Release|Any CPU
		{EC53F0FA-456B-4F84-9BB6-A04B15F22A8B}.Release|Any CPU.Build.0 = Release|Any CPU
		{F8D8B9B2-2CD7-40C1-B73A-0FD089160CA1}.Debug|Any CPU.ActiveCfg = Debug|Any CPU
		{F8D8B9B2-2CD7-40C1-B73A-0FD089160CA1}.Debug|Any CPU.Build.0 = Debug|Any CPU
		{F8D8B9B2-2CD7-40C1-B73A-0FD089160CA1}.Release|Any CPU.ActiveCfg = Release|Any CPU
		{F8D8B9B2-2CD7-40C1-B73A-0FD089160CA1}.Release|Any CPU.Build.0 = Release|Any CPU
	EndGlobalSection
	GlobalSection(SolutionProperties) = preSolution
		HideSolutionNode = FALSE
	EndGlobalSection
	GlobalSection(ExtensibilityGlobals) = postSolution
		SolutionGuid = {80B374E8-9171-4B67-A873-4B0B7B1E2997}
	EndGlobalSection
EndGlobal
